github.com/cespare/xxhash/v2 v2.1.2 h1:YRXhKfTDauu4ajMg1TPgFO5jnlC2HCbmLXMcTG5cbYE=
github.com/cespare/xxhash/v2 v2.1.2/go.mod h1:VGX0DQ3Q6kWi7AoAeZDth3/j3BFtOZR5XLFGgcrjCOs=
github.com/coocood/freecache v1.2.4 h1:UdR6Yz/X1HW4fZOuH0Z94KwG851GWOSknua5VUbb/5M=
github.com/coocood/freecache v1.2.4/go.mod h1:RBUWa/Cy+OHdfTGFEhEuE1pMCMX51Ncizj7rthiQ3vk=
github.com/fsgo/fscache v0.0.4-0.20240809074344-6f0ac0264ee2 h1:g9PeM7M9q9JmeI3oSutZa9gNFRAJTe8ar7/SNGpl5B0=
github.com/fsgo/fscache v0.0.4-0.20240809074344-6f0ac0264ee2/go.mod h1:D1ILDFOwZNXoiSt+b2pCoRbmbVwaB6Bt+bS5pIQ/pWw=
github.com/fsgo/fst v0.0.4 h1:d3LgjVxsb+Y2isbe7Erq8ZAp1p6qQpVVovazSDCOMpo=
github.com/fsgo/fst v0.0.4/go.mod h1:vNB0la0LICDwsMuwD7KR8NNDnslYyH/1x1+fOamXra8=
